
Microsoft Visual Studio Solution File, Format Version 12.00
# Visual Studio Version 16
VisualStudioVersion = 16.0.31729.503
MinimumVisualStudioVersion = 10.0.40219.1
Project("{FAE04EC0-301F-11D3-BF4B-00C04F79EFBC}") = "Projeto-Soma", "Projeto-Soma.csproj", "{4BEACC1E-0E66-4B47-8250-85719C31AA8F}"
EndProject
Global
	GlobalSection(SolutionConfigurationPlatforms) = preSolution
		Debug|Any CPU = Debug|Any CPU
		Release|Any CPU = Release|Any CPU
	EndGlobalSection
	GlobalSection(ProjectConfigurationPlatforms) = postSolution
		{4BEACC1E-0E66-4B47-8250-85719C31AA8F}.Debug|Any CPU.ActiveCfg = Debug|Any CPU
		{4BEACC1E-0E66-4B47-8250-85719C31AA8F}.Debug|Any CPU.Build.0 = Debug|Any CPU
		{4BEACC1E-0E66-4B47-8250-85719C31AA8F}.Release|Any CPU.ActiveCfg = Release|Any CPU
		{4BEACC1E-0E66-4B47-8250-85719C31AA8F}.Release|Any CPU.Build.0 = Release|Any CPU
	EndGlobalSection
	GlobalSection(SolutionProperties) = preSolution
		HideSolutionNode = FALSE
	EndGlobalSection
	GlobalSection(ExtensibilityGlobals) = postSolution
		SolutionGuid = {111CFB2F-E935-4FED-BE58-39E6BB89C245}
	EndGlobalSection
EndGlobal
